// !$*UTF8*$!
{
	archiveVersion = 1;
	classes = {
	};
	objectVersion = 46;
	objects = {

/* Begin PBXBuildFile section */
		A50F32E91D423C580019E6A8 /* main.m in Sources */ = {isa = PBXBuildFile; fileRef = A50F32E81D423C580019E6A8 /* main.m */; };
		A50F32EC1D423C580019E6A8 /* AppDelegate.m in Sources */ = {isa = PBXBuildFile; fileRef = A50F32EB1D423C580019E6A8 /* AppDelegate.m */; };
		A50F32F21D423C580019E6A8 /* Main.storyboard in Resources */ = {isa = PBXBuildFile; fileRef = A50F32F01D423C580019E6A8 /* Main.storyboard */; };
		A50F32F41D423C580019E6A8 /* Assets.xcassets in Resources */ = {isa = PBXBuildFile; fileRef = A50F32F31D423C580019E6A8 /* Assets.xcassets */; };
		A50F32F71D423C580019E6A8 /* LaunchScreen.storyboard in Resources */ = {isa = PBXBuildFile; fileRef = A50F32F51D423C580019E6A8 /* LaunchScreen.storyboard */; };
		A50F33001D423FAE0019E6A8 /* WeatherTableViewController.m in Sources */ = {isa = PBXBuildFile; fileRef = A50F32FF1D423FAE0019E6A8 /* WeatherTableViewController.m */; };
		A50F33031D423FE90019E6A8 /* CityTableViewCell.m in Sources */ = {isa = PBXBuildFile; fileRef = A50F33021D423FE90019E6A8 /* CityTableViewCell.m */; };
		A50F33081D424DA50019E6A8 /* Forecast.m in Sources */ = {isa = PBXBuildFile; fileRef = A50F33071D424DA50019E6A8 /* Forecast.m */; };
		A50F33091D42622F0019E6A8 /* City.m in Sources */ = {isa = PBXBuildFile; fileRef = A50F33041D42469C0019E6A8 /* City.m */; };
/* End PBXBuildFile section */

/* Begin PBXFileReference section */
		A50F32E41D423C570019E6A8 /* Weather.app */ = {isa = PBXFileReference; explicitFileType = wrapper.application; includeInIndex = 0; path = Weather.app; sourceTree = BUILT_PRODUCTS_DIR; };
		A50F32E81D423C580019E6A8 /* main.m */ = {isa = PBXFileReference; lastKnownFileType = sourcecode.c.objc; path = main.m; sourceTree = "<group>"; };
		A50F32EA1D423C580019E6A8 /* AppDelegate.h */ = {isa = PBXFileReference; lastKnownFileType = sourcecode.c.h; path = AppDelegate.h; sourceTree = "<group>"; };
		A50F32EB1D423C580019E6A8 /* AppDelegate.m */ = {isa = PBXFileReference; lastKnownFileType = sourcecode.c.objc; path = AppDelegate.m; sourceTree = "<group>"; };
		A50F32F11D423C580019E6A8 /* Base */ = {isa = PBXFileReference; lastKnownFileType = file.storyboard; name = Base; path = Base.lproj/Main.storyboard; sourceTree = "<group>"; };
		A50F32F31D423C580019E6A8 /* Assets.xcassets */ = {isa = PBXFileReference; lastKnownFileType = folder.assetcatalog; path = Assets.xcassets; sourceTree = "<group>"; };
		A50F32F61D423C580019E6A8 /* Base */ = {isa = PBXFileReference; lastKnownFileType = file.storyboard; name = Base; path = Base.lproj/LaunchScreen.storyboard; sourceTree = "<group>"; };
		A50F32F81D423C580019E6A8 /* Info.plist */ = {isa = PBXFileReference; lastKnownFileType = text.plist.xml; path = Info.plist; sourceTree = "<group>"; };
		A50F32FE1D423FAE0019E6A8 /* WeatherTableViewController.h */ = {isa = PBXFileReference; fileEncoding = 4; lastKnownFileType = sourcecode.c.h; path = WeatherTableViewController.h; sourceTree = "<group>"; };
		A50F32FF1D423FAE0019E6A8 /* WeatherTableViewController.m */ = {isa = PBXFileReference; fileEncoding = 4; lastKnownFileType = sourcecode.c.objc; path = WeatherTableViewController.m; sourceTree = "<group>"; };
		A50F33011D423FE90019E6A8 /* CityTableViewCell.h */ = {isa = PBXFileReference; fileEncoding = 4; lastKnownFileType = sourcecode.c.h; path = CityTableViewCell.h; sourceTree = "<group>"; };
		A50F33021D423FE90019E6A8 /* CityTableViewCell.m */ = {isa = PBXFileReference; fileEncoding = 4; lastKnownFileType = sourcecode.c.objc; path = CityTableViewCell.m; sourceTree = "<group>"; };
		A50F33041D42469C0019E6A8 /* City.m */ = {isa = PBXFileReference; fileEncoding = 4; lastKnownFileType = sourcecode.c.objc; path = City.m; sourceTree = "<group>"; };
		A50F33071D424DA50019E6A8 /* Forecast.m */ = {isa = PBXFileReference; fileEncoding = 4; lastKnownFileType = sourcecode.c.objc; path = Forecast.m; sourceTree = "<group>"; };
		A50F330A1D4263780019E6A8 /* Forecast.h */ = {isa = PBXFileReference; fileEncoding = 4; lastKnownFileType = sourcecode.c.h; path = Forecast.h; sourceTree = "<group>"; };
		A50F330B1D4263B80019E6A8 /* City.h */ = {isa = PBXFileReference; fileEncoding = 4; lastKnownFileType = sourcecode.c.h; path = City.h; sourceTree = "<group>"; };
/* End PBXFileReference section */

/* Begin PBXFrameworksBuildPhase section */
		A50F32E11D423C570019E6A8 /* Frameworks */ = {
			isa = PBXFrameworksBuildPhase;
			buildActionMask = 2147483647;
			files = (
			);
			runOnlyForDeploymentPostprocessing = 0;
		};
/* End PBXFrameworksBuildPhase section */

/* Begin PBXGroup section */
		A50F32DB1D423C570019E6A8 = {
			isa = PBXGroup;
			children = (
				A50F32E61D423C580019E6A8 /* Weather */,
				A50F32E51D423C570019E6A8 /* Products */,
			);
			sourceTree = "<group>";
		};
		A50F32E51D423C570019E6A8 /* Products */ = {
			isa = PBXGroup;
			children = (
				A50F32E41D423C570019E6A8 /* Weather.app */,
			);
			name = Products;
			sourceTree = "<group>";
		};
		A50F32E61D423C580019E6A8 /* Weather */ = {
			isa = PBXGroup;
			children = (
				A50F32F01D423C580019E6A8 /* Main.storyboard */,
				A50F32FE1D423FAE0019E6A8 /* WeatherTableViewController.h */,
				A50F32FF1D423FAE0019E6A8 /* WeatherTableViewController.m */,
				A50F33011D423FE90019E6A8 /* CityTableViewCell.h */,
				A50F33021D423FE90019E6A8 /* CityTableViewCell.m */,
				A50F33071D424DA50019E6A8 /* Forecast.m */,
				A50F330A1D4263780019E6A8 /* Forecast.h */,
				A50F33041D42469C0019E6A8 /* City.m */,
				A50F330B1D4263B80019E6A8 /* City.h */,
				A50F32E71D423C580019E6A8 /* Supporting Files */,
			);
			path = Weather;
			sourceTree = "<group>";
		};
		A50F32E71D423C580019E6A8 /* Supporting Files */ = {
			isa = PBXGroup;
			children = (
				A50F32EA1D423C580019E6A8 /* AppDelegate.h */,
				A50F32EB1D423C580019E6A8 /* AppDelegate.m */,
				A50F32F31D423C580019E6A8 /* Assets.xcassets */,
				A50F32F51D423C580019E6A8 /* LaunchScreen.storyboard */,
				A50F32F81D423C580019E6A8 /* Info.plist */,
				A50F32E81D423C580019E6A8 /* main.m */,
			);
			name = "Supporting Files";
			sourceTree = "<group>";
		};
/* End PBXGroup section */

/* Begin PBXNativeTarget section */
		A50F32E31D423C570019E6A8 /* Weather */ = {
			isa = PBXNativeTarget;
			buildConfigurationList = A50F32FB1D423C580019E6A8 /* Build configuration list for PBXNativeTarget "Weather" */;
			buildPhases = (
				A50F32E01D423C570019E6A8 /* Sources */,
				A50F32E11D423C570019E6A8 /* Frameworks */,
				A50F32E21D423C570019E6A8 /* Resources */,
			);
			buildRules = (
			);
			dependencies = (
			);
			name = Weather;
			productName = Weather;
			productReference = A50F32E41D423C570019E6A8 /* Weather.app */;
			productType = "com.apple.product-type.application";
		};
/* End PBXNativeTarget section */

/* Begin PBXProject section */
		A50F32DC1D423C570019E6A8 /* Project object */ = {
			isa = PBXProject;
			attributes = {
				LastUpgradeCheck = 0730;
				ORGANIZATIONNAME = "Sergey Popov";
				TargetAttributes = {
					A50F32E31D423C570019E6A8 = {
						CreatedOnToolsVersion = 7.3.1;
						DevelopmentTeam = 869HSEDS8L;
					};
				};
			};
			buildConfigurationList = A50F32DF1D423C570019E6A8 /* Build configuration list for PBXProject "Weather" */;
			compatibilityVersion = "Xcode 3.2";
			developmentRegion = English;
			hasScannedForEncodings = 0;
			knownRegions = (
				en,
				Base,
			);
			mainGroup = A50F32DB1D423C570019E6A8;
			productRefGroup = A50F32E51D423C570019E6A8 /* Products */;
			projectDirPath = "";
			projectRoot = "";
			targets = (
				A50F32E31D423C570019E6A8 /* Weather */,
			);
		};
/* End PBXProject section */

/* Begin PBXResourcesBuildPhase section */
		A50F32E21D423C570019E6A8 /* Resources */ = {
			isa = PBXResourcesBuildPhase;
			buildActionMask = 2147483647;
			files = (
				A50F32F71D423C580019E6A8 /* LaunchScreen.storyboard in Resources */,
				A50F32F41D423C580019E6A8 /* Assets.xcassets in Resources */,
				A50F32F21D423C580019E6A8 /* Main.storyboard in Resources */,
			);
			runOnlyForDeploymentPostprocessing = 0;
		};
/* End PBXResourcesBuildPhase section */

/* Begin PBXSourcesBuildPhase section */
		A50F32E01D423C570019E6A8 /* Sources */ = {
			isa = PBXSourcesBuildPhase;
			buildActionMask = 2147483647;
			files = (
				A50F32EC1D423C580019E6A8 /* AppDelegate.m in Sources */,
				A50F33081D424DA50019E6A8 /* Forecast.m in Sources */,
				A50F33091D42622F0019E6A8 /* City.m in Sources */,
				A50F32E91D423C580019E6A8 /* main.m in Sources */,
				A50F33031D423FE90019E6A8 /* CityTableViewCell.m in Sources */,
				A50F33001D423FAE0019E6A8 /* WeatherTableViewController.m in Sources */,
			);
			runOnlyForDeploymentPostprocessing = 0;
		};
/* End PBXSourcesBuildPhase section */

/* Begin PBXVariantGroup section */
		A50F32F01D423C580019E6A8 /* Main.storyboard */ = {
			isa = PBXVariantGroup;
			children = (
				A50F32F11D423C580019E6A8 /* Base */,
			);
			name = Main.storyboard;
			sourceTree = "<group>";
		};
		A50F32F51D423C580019E6A8 /* LaunchScreen.storyboard */ = {
			isa = PBXVariantGroup;
			children = (
				A50F32F61D423C580019E6A8 /* Base */,
			);
			name = LaunchScreen.storyboard;
			sourceTree = "<group>";
		};
/* End PBXVariantGroup section */

/* Begin XCBuildConfiguration section */
		A50F32F91D423C580019E6A8 /* Debug */ = {
			isa = XCBuildConfiguration;
			buildSettings = {
				ALWAYS_SEARCH_USER_PATHS = NO;
				CLANG_ANALYZER_NONNULL = YES;
				CLANG_CXX_LANGUAGE_STANDARD = "gnu++0x";
				CLANG_CXX_LIBRARY = "libc++";
				CLANG_ENABLE_MODULES = YES;
				CLANG_ENABLE_OBJC_ARC = YES;
				CLANG_WARN_BOOL_CONVERSION = YES;
				CLANG_WARN_CONSTANT_CONVERSION = YES;
				CLANG_WARN_DIRECT_OBJC_ISA_USAGE = YES_ERROR;
				CLANG_WARN_EMPTY_BODY = YES;
				CLANG_WARN_ENUM_CONVERSION = YES;
				CLANG_WARN_INT_CONVERSION = YES;
				CLANG_WARN_OBJC_ROOT_CLASS = YES_ERROR;
				CLANG_WARN_UNREACHABLE_CODE = YES;
				CLANG_WARN__DUPLICATE_METHOD_MATCH = YES;
				"CODE_SIGN_IDENTITY[sdk=iphoneos*]" = "iPhone Developer";
				COPY_PHASE_STRIP = NO;
				DEBUG_INFORMATION_FORMAT = dwarf;
				ENABLE_STRICT_OBJC_MSGSEND = YES;
				ENABLE_TESTABILITY = YES;
				GCC_C_LANGUAGE_STANDARD = gnu99;
				GCC_DYNAMIC_NO_PIC = NO;
				GCC_NO_COMMON_BLOCKS = YES;
				GCC_OPTIMIZATION_LEVEL = 0;
				GCC_PREPROCESSOR_DEFINITIONS = (
					"DEBUG=1",
					"$(inherited)",
				);
				GCC_WARN_64_TO_32_BIT_CONVERSION = YES;
				GCC_WARN_ABOUT_RETURN_TYPE = YES_ERROR;
				GCC_WARN_UNDECLARED_SELECTOR = YES;
				GCC_WARN_UNINITIALIZED_AUTOS = YES_AGGRESSIVE;
				GCC_WARN_UNUSED_FUNCTION = YES;
				GCC_WARN_UNUSED_VARIABLE = YES;
				IPHONEOS_DEPLOYMENT_TARGET = 9.3;
				MTL_ENABLE_DEBUG_INFO = YES;
				ONLY_ACTIVE_ARCH = YES;
				SDKROOT = iphoneos;
			};
			name = Debug;
		};
		A50F32FA1D423C580019E6A8 /* Release */ = {
			isa = XCBuildConfiguration;
			buildSettings = {
				ALWAYS_SEARCH_USER_PATHS = NO;
				CLANG_ANALYZER_NONNULL = YES;
				CLANG_CXX_LANGUAGE_STANDARD = "gnu++0x";
				CLANG_CXX_LIBRARY = "libc++";
				CLANG_ENABLE_MODULES = YES;
				CLANG_ENABLE_OBJC_ARC = YES;
				CLANG_WARN_BOOL_CONVERSION = YES;
				CLANG_WARN_CONSTANT_CONVERSION = YES;
				CLANG_WARN_DIRECT_OBJC_ISA_USAGE = YES_ERROR;
				CLANG_WARN_EMPTY_BODY = YES;
				CLANG_WARN_ENUM_CONVERSION = YES;
				CLANG_WARN_INT_CONVERSION = YES;
				CLANG_WARN_OBJC_ROOT_CLASS = YES_ERROR;
				CLANG_WARN_UNREACHABLE_CODE = YES;
				CLANG_WARN__DUPLICATE_METHOD_MATCH = YES;
				"CODE_SIGN_IDENTITY[sdk=iphoneos*]" = "iPhone Developer";
				COPY_PHASE_STRIP = NO;
				DEBUG_INFORMATION_FORMAT = "dwarf-with-dsym";
				ENABLE_NS_ASSERTIONS = NO;
				ENABLE_STRICT_OBJC_MSGSEND = YES;
				GCC_C_LANGUAGE_STANDARD = gnu99;
				GCC_NO_COMMON_BLOCKS = YES;
				GCC_WARN_64_TO_32_BIT_CONVERSION = YES;
				GCC_WARN_ABOUT_RETURN_TYPE = YES_ERROR;
				GCC_WARN_UNDECLARED_SELECTOR = YES;
				GCC_WARN_UNINITIALIZED_AUTOS = YES_AGGRESSIVE;
				GCC_WARN_UNUSED_FUNCTION = YES;
				GCC_WARN_UNUSED_VARIABLE = YES;
				IPHONEOS_DEPLOYMENT_TARGET = 9.3;
				MTL_ENABLE_DEBUG_INFO = NO;
				SDKROOT = iphoneos;
				VALIDATE_PRODUCT = YES;
			};
			name = Release;
		};
		A50F32FC1D423C580019E6A8 /* Debug */ = {
			isa = XCBuildConfiguration;
			buildSettings = {
				ASSETCATALOG_COMPILER_APPICON_NAME = AppIcon;
				INFOPLIST_FILE = Weather/Info.plist;
				LD_RUNPATH_SEARCH_PATHS = "$(inherited) @executable_path/Frameworks";
				PRODUCT_BUNDLE_IDENTIFIER = com.vidus.Weather;
				PRODUCT_NAME = "$(TARGET_NAME)";
			};
			name = Debug;
		};
		A50F32FD1D423C580019E6A8 /* Release */ = {
			isa = XCBuildConfiguration;
			buildSettings = {
				ASSETCATALOG_COMPILER_APPICON_NAME = AppIcon;
				INFOPLIST_FILE = Weather/Info.plist;
				LD_RUNPATH_SEARCH_PATHS = "$(inherited) @executable_path/Frameworks";
				PRODUCT_BUNDLE_IDENTIFIER = com.vidus.Weather;
				PRODUCT_NAME = "$(TARGET_NAME)";
			};
			name = Release;
		};
/* End XCBuildConfiguration section */

/* Begin XCConfigurationList section */
		A50F32DF1D423C570019E6A8 /* Build configuration list for PBXProject "Weather" */ = {
			isa = XCConfigurationList;
			buildConfigurations = (
				A50F32F91D423C580019E6A8 /* Debug */,
				A50F32FA1D423C580019E6A8 /* Release */,
			);
			defaultConfigurationIsVisible = 0;
			defaultConfigurationName = Release;
		};
		A50F32FB1D423C580019E6A8 /* Build configuration list for PBXNativeTarget "Weather" */ = {
			isa = XCConfigurationList;
			buildConfigurations = (
				A50F32FC1D423C580019E6A8 /* Debug */,
				A50F32FD1D423C580019E6A8 /* Release */,
			);
			defaultConfigurationIsVisible = 0;
			defaultConfigurationName = Release;
		};
/* End XCConfigurationList section */
	};
	rootObject = A50F32DC1D423C570019E6A8 /* Project object */;
}
